{
    "name": "onejs-comps",
    "version": "0.0.5",
    "lockfileVersion": 3,
    "requires": true,
    "packages": {
        "": {
            "name": "onejs-comps",
            "version": "0.0.5",
            "dependencies": {
                "classnames": "^2.5.1",
                "onejs-core": "^0.3.25",
                "onejs-preact": "^0.3.18"
            }
        },
        "node_modules/classnames": {
            "version": "2.5.1",
            "resolved": "https://registry.npmjs.org/classnames/-/classnames-2.5.1.tgz",
            "integrity": "sha512-saHYOzhIQs6wy2sVxTM6bUDsQO4F50V9RQ22qBpEdCW+I+/Wmke2HOl6lS6dTpdxVhb88/I6+Hs+438c3lfUow=="
        },
        "node_modules/css-flatten": {
            "version": "2.0.0",
            "resolved": "https://registry.npmjs.org/css-flatten/-/css-flatten-2.0.0.tgz",
            "integrity": "sha512-wJ+hhOqhvAB/jVgxd3F1wmElBV9/WrE1am4FErEF8DtGCGN268PQYAvDvMHdVlZH7jeZx+y2vXun/6SjiGyuFg==",
            "dependencies": {
                "css-simple-parser": "^3.0.0"
            }
        },
        "node_modules/css-simple-parser": {
            "version": "3.0.0",
            "resolved": "https://registry.npmjs.org/css-simple-parser/-/css-simple-parser-3.0.0.tgz",
            "integrity": "sha512-vCQf8BH7UO+HqA4DG1gkYzLVlRSLHD64leDWmfBrZZnZuHyGcTDFs6OqYNTDV36n4JbKMA6v4DnJeNRVXdk2nw==",
            "dependencies": {
                "string-indexes": "^2.0.0"
            }
        },
        "node_modules/onejs-core": {
            "version": "0.3.46",
            "resolved": "https://registry.npmjs.org/onejs-core/-/onejs-core-0.3.46.tgz",
            "integrity": "sha512-P0xNEWnV1WrYWp2yPS/wsfhOCx9P298Gs5MG+mFVrrGk+5uJQcx7yrU/M75iSOSR56W0lmT4YxwW3I2K7yX2Qg==",
            "dependencies": {
                "css-flatten": "^2.0.0",
                "css-simple-parser": "^3.0.0"
            }
        },
        "node_modules/onejs-preact": {
            "version": "0.3.27",
            "resolved": "https://registry.npmjs.org/onejs-preact/-/onejs-preact-0.3.27.tgz",
            "integrity": "sha512-iQnUeLt6idywXLyhZSbqVaMfvmXgCsMm4JdNGLTmFo78Dc1+qEbvi2QDA+wOWPqv/gfin1dEht6kIr7rVgoeoQ==",
            "dependencies": {
                "onejs-core": "^0.3.26"
            }
        },
        "node_modules/string-indexes": {
            "version": "2.0.1",
            "resolved": "https://registry.npmjs.org/string-indexes/-/string-indexes-2.0.1.tgz",
            "integrity": "sha512-3zrpkaEqIXsNxjsETX01z67BQ8dsAMbHI8xtzvZmscjAu72ZARjZXoTXhJ0I4cBw07Sa6Om6Nx8hKKXYHMpDOQ=="
        }
    }
}
