{
    "name": "onejs-comps",
    "version": "0.0.11",
    "lockfileVersion": 3,
    "requires": true,
    "packages": {
        "": {
            "name": "onejs-comps",
            "version": "0.0.11",
            "dependencies": {
                "classnames": "^2.5.1",
                "clsx": "^2.1.1",
                "onejs-core": "^1.0.25",
                "onejs-preact": "^1.0.2"
            }
        },
        "node_modules/classnames": {
            "version": "2.5.1",
            "resolved": "https://registry.npmjs.org/classnames/-/classnames-2.5.1.tgz",
            "integrity": "sha512-saHYOzhIQs6wy2sVxTM6bUDsQO4F50V9RQ22qBpEdCW+I+/Wmke2HOl6lS6dTpdxVhb88/I6+Hs+438c3lfUow=="
        },
        "node_modules/clsx": {
            "version": "2.1.1",
            "resolved": "https://registry.npmjs.org/clsx/-/clsx-2.1.1.tgz",
            "integrity": "sha512-eYm0QWBtUrBWZWG0d386OGAw16Z995PiOVo2B7bjWSbHedGl5e0ZWaq65kOGgUSNesEIDkB9ISbTg/JK9dhCZA==",
            "engines": {
                "node": ">=6"
            }
        },
        "node_modules/css-flatten": {
            "version": "2.0.0",
            "resolved": "https://registry.npmjs.org/css-flatten/-/css-flatten-2.0.0.tgz",
            "integrity": "sha512-wJ+hhOqhvAB/jVgxd3F1wmElBV9/WrE1am4FErEF8DtGCGN268PQYAvDvMHdVlZH7jeZx+y2vXun/6SjiGyuFg==",
            "dependencies": {
                "css-simple-parser": "^3.0.0"
            }
        },
        "node_modules/css-simple-parser": {
            "version": "3.0.0",
            "resolved": "https://registry.npmjs.org/css-simple-parser/-/css-simple-parser-3.0.0.tgz",
            "integrity": "sha512-vCQf8BH7UO+HqA4DG1gkYzLVlRSLHD64leDWmfBrZZnZuHyGcTDFs6OqYNTDV36n4JbKMA6v4DnJeNRVXdk2nw==",
            "dependencies": {
                "string-indexes": "^2.0.0"
            }
        },
        "node_modules/onejs-core": {
            "version": "1.0.29",
            "resolved": "https://registry.npmjs.org/onejs-core/-/onejs-core-1.0.29.tgz",
            "integrity": "sha512-3FbPP9BTHxMociXHByZ8+3or++ELaddQneIOTYZW/zLNMj0ai9ZpSP59QdJfASfgNPcwQjl7D9syiv0bYK881A==",
            "dependencies": {
                "css-flatten": "^2.0.0",
                "css-simple-parser": "^3.0.0",
                "progress": "^2.0.3"
            }
        },
        "node_modules/onejs-preact": {
            "version": "1.0.5",
            "resolved": "https://registry.npmjs.org/onejs-preact/-/onejs-preact-1.0.5.tgz",
            "integrity": "sha512-2YlUHKcXB0+qcDkPD5ZVC9eKofwKFtneGgLlxKmdsQ/vSYN+3GSXx3IjgDgoNoIGcWMPqpjyobI2kUArXJvSYQ==",
            "dependencies": {
                "onejs-core": "^1.0.8"
            }
        },
        "node_modules/progress": {
            "version": "2.0.3",
            "resolved": "https://registry.npmjs.org/progress/-/progress-2.0.3.tgz",
            "integrity": "sha512-7PiHtLll5LdnKIMw100I+8xJXR5gW2QwWYkT6iJva0bXitZKa/XMrSbdmg3r2Xnaidz9Qumd0VPaMrZlF9V9sA==",
            "engines": {
                "node": ">=0.4.0"
            }
        },
        "node_modules/string-indexes": {
            "version": "2.0.1",
            "resolved": "https://registry.npmjs.org/string-indexes/-/string-indexes-2.0.1.tgz",
            "integrity": "sha512-3zrpkaEqIXsNxjsETX01z67BQ8dsAMbHI8xtzvZmscjAu72ZARjZXoTXhJ0I4cBw07Sa6Om6Nx8hKKXYHMpDOQ=="
        }
    }
}
